github.com/davecgh/go-spew v1.1.0/go.mod h1:J7Y8YcW2NihsgmVo/mv3lAwl/skON4iLHjSsI+c5H38=
github.com/devopsfaith/flatmap v0.0.0-20200601181759-8521186182fc/go.mod h1:J9Y/58s7wx7HbHT3i4UKNwLGuBB9qCf0/JUdEFGDPmA=
github.com/dimfeld/httptreemux v5.0.1+incompatible/go.mod h1:rbUlSV+CCpv/SuqUTP/8Bk2O3LyUV436/yaRGkhP6Z0=
github.com/gin-contrib/sse v0.0.0-20170109093832-22d885f9ecc7/go.mod h1:VJ0WA2NBN22VlZ2dKZQPAPnyWw5XTlK1KymzLKsr59s=
github.com/gin-gonic/gin v1.1.5-0.20170702092826-d459835d2b07/go.mod h1:7cKuhb5qV2ggCFctp2fJQ+ErvciLZrIeoOSOm6mUr7Y=
github.com/go-chi/chi v4.0.1+incompatible/go.mod h1:eB3wogJHnLi3x/kFX2A+IbTBlXxmMeXJVKy9tTv1XzQ=
github.com/golang/protobuf v1.0.0/go.mod h1:6lQm79b+lXiMfvg/cZm0SGofjICqVBUtrP5yJMmIC1U=
github.com/gorilla/context v0.0.0-20160226214623-1ea25387ff6f/go.mod h1:kBGZzfjB9CEq2AlWe17Uuf7NDRt0dE0s8S51q0aT7Yg=
github.com/gorilla/mux v1.6.1/go.mod h1:1lud6UwP+6orDFRuTfBEV8e9/aOM/c4fVVCaMa2zaAs=
github.com/klauspost/compress v1.17.0 h1:Rnbp4K9EjcDuVuHtd0dgA4qNuv9yKDYKK1ulpJwgrqM=
github.com/klauspost/compress v1.17.0/go.mod h1:ntbaceVETuRiXiv4DpjP66DpAtAGkEQskQzEyD//IeE=
github.com/luraproject/lura v1.4.1 h1:zNzLYMzM13EaSrb9bfaPICD4bXtNqMCdyi42R1eBgro=
github.com/luraproject/lura v1.4.1/go.mod h1:KIo1/+nsRZVxIO04Hkbth0GXSSzypvkFpF5KaIoLvlo=
github.com/mattn/go-isatty v0.0.3/go.mod h1:M+lRXTBqGeGNdLjl/ufCoiOlB5xdOkqRJdNxMWT7Zi4=
github.com/nats-io/nats.go v1.31.0 h1:/WFBHEc/dOKBF6qf1TZhrdEfTmOZ5JzdJ+Y3m6Y/p7E=
github.com/nats-io/nats.go v1.31.0/go.mod h1:di3Bm5MLsoB4Bx61CBTsxuarI36WbhAwOm8QrW39+i8=
github.com/nats-io/nkeys v0.4.5 h1:Zdz2BUlFm4fJlierwvGK+yl20IAKUm7eV6AAZXEhkPk=
github.com/nats-io/nkeys v0.4.5/go.mod h1:XUkxdLPTufzlihbamfzQ7mw/VGx6ObUs+0bN5sNvt64=
github.com/nats-io/nuid v1.0.1 h1:5iA8DT8V7q8WK2EScv2padNa/rTESc1KdnPw4TC2paw=
github.com/nats-io/nuid v1.0.1/go.mod h1:19wcPz3Ph3q0Jbyiqsd0kePYG7A95tJPxeL+1OSON2c=
github.com/pmezard/go-difflib v1.0.0/go.mod h1:iKH77koFhYxTK1pcRnkKkqfTogsbg7gZNVY4sRDYZ/4=
github.com/stretchr/objx v0.1.0/go.mod h1:HFkY916IF+rwdDfMAkV7OtwuqBVzrE8GR6GFx+wExME=
github.com/stretchr/testify v1.4.0/go.mod h1:j7eGeouHqKxXV5pUuKE4zz7dFj8WfuZ+81PSLYec5m4=
github.com/ugorji/go v0.0.0-20180112141927-9831f2c3ac10/go.mod h1:hnLbHMwcvSihnDhEfx2/BzKp2xb0Y+ErdfYcrs9tkJQ=
github.com/urfave/negroni v0.3.0/go.mod h1:Meg73S6kFm/4PpbYdq35yYWoCZ9mS/YSx+lKnmiohz4=
github.com/valyala/fastrand v1.0.0/go.mod h1:HWqCzkrkg6QXT8V2EXWvXCoow7vLwOFN002oeRzjapQ=
golang.org/x/crypto v0.0.0-20190308221718-c2843e01d9a2/go.mod h1:djNgcEr1/C05ACkg1iLfiJU5Ep61QUkGW8qpdssI0+w=
golang.org/x/crypto v0.6.0 h1:qfktjS5LUO+fFKeJXZ+ikTRijMmljikvG68fpMMruSc=
golang.org/x/crypto v0.6.0/go.mod h1:OFC/31mSvZgRz0V1QTNCzfAI1aIRzbiufJtkMIlEp58=
golang.org/x/net v0.0.0-20190921015927-1a5e07d1ff72/go.mod h1:z5CRVTTTmAJ677TzLLGU+0bjPO0LkuOLi4/5GtJWs/s=
golang.org/x/sync v0.0.0-20190911185100-cd5d95a43a6e/go.mod h1:RxMgew5VJxzue5/jJTE5uejpjVlOe/izrB70Jof72aM=
golang.org/x/sys v0.0.0-20190215142949-d0b11bdaac8a/go.mod h1:STP8DvDyc/dI5b8T5hshtkjS+E42TnysNCUPdjciGhY=
golang.org/x/sys v0.5.0 h1:MUK/U/4lj1t1oPg0HfuXDN/Z1wv31ZJ/YcPiGccS4DU=
golang.org/x/sys v0.5.0/go.mod h1:oPkhp1MJrh7nUepCBck5+mAzfO9JrbApNNgaTdGDITg=
golang.org/x/text v0.3.0/go.mod h1:NqM8EUOU14njkJ3fqMW+pc6Ldnwhi/IjpwHt7yyuwOQ=
gopkg.in/check.v1 v0.0.0-20161208181325-20d25e280405/go.mod h1:Co6ibVJAznAaIkqp8huTwlJQCZ016jof/cbN4VW5Yz0=
gopkg.in/go-playground/assert.v1 v1.2.1/go.mod h1:9RXL0bg/zibRAgZUYszZSwO/z8Y/a8bDuhia5mkpMnE=
gopkg.in/go-playground/validator.v8 v8.18.2/go.mod h1:RX2a/7Ha8BgOhfk7j780h4/u/RRjR0eouCJSH80/M2Y=
gopkg.in/yaml.v2 v2.2.2/go.mod h1:hI93XBmqTisBFMUTm0b8Fm+jr3Dg1NNxqwp+5A1VGuI=
